dependencies:
- name: postgresql
  repository: oci://registry-1.docker.io/bitnamicharts
  version: 15.5.36
- name: redis
  repository: oci://registry-1.docker.io/bitnamicharts
  version: 20.1.5
digest: sha256:a2155d84c92c8a16034c0f796cb34e241dfca944a42927311d2463c1fb4bd990
generated: "2024-09-28T00:34:01.3133526+02:00"
