dependencies:
- name: postgresql
  repository: oci://registry-1.docker.io/bitnamicharts
  version: 15.5.37
- name: redis
  repository: oci://registry-1.docker.io/bitnamicharts
  version: 20.1.5
digest: sha256:e6a6edae54948aaf426cb72f0182f4c6c88d6ec9f9f275010d5993651cc60be2
generated: "2024-10-01T19:38:47.8439874+02:00"
